
Microsoft Visual Studio Solution File, Format Version 12.00
# Visual Studio Version 17
VisualStudioVersion = 17.6.33815.320
MinimumVisualStudioVersion = 10.0.40219.1
Project("{9A19103F-16F7-4668-BE54-9A1E7A4F7556}") = "Interaction_Design_Eindopdracht_Api", "Interaction_Design_Eindopdracht\Interaction_Design_Eindopdracht_Api.csproj", "{1589D4DE-FE18-42C6-8174-93F6B35ADD74}"
EndProject
Global
	GlobalSection(SolutionConfigurationPlatforms) = preSolution
		Debug|Any CPU = Debug|Any CPU
		Release|Any CPU = Release|Any CPU
	EndGlobalSection
	GlobalSection(ProjectConfigurationPlatforms) = postSolution
		{1589D4DE-FE18-42C6-8174-93F6B35ADD74}.Debug|Any CPU.ActiveCfg = Debug|Any CPU
		{1589D4DE-FE18-42C6-8174-93F6B35ADD74}.Debug|Any CPU.Build.0 = Debug|Any CPU
		{1589D4DE-FE18-42C6-8174-93F6B35ADD74}.Release|Any CPU.ActiveCfg = Release|Any CPU
		{1589D4DE-FE18-42C6-8174-93F6B35ADD74}.Release|Any CPU.Build.0 = Release|Any CPU
	EndGlobalSection
	GlobalSection(SolutionProperties) = preSolution
		HideSolutionNode = FALSE
	EndGlobalSection
	GlobalSection(ExtensibilityGlobals) = postSolution
		SolutionGuid = {F56D6AFB-09AA-4C63-A20D-36471CFB0820}
	EndGlobalSection
EndGlobal
